// !$*UTF8*$!
{
	archiveVersion = 1;
	classes = {
	};
	objectVersion = 46;
	objects = {

/* Begin PBXBuildFile section */
		0A3AA0821D5C01C800F5DF24 /* SettingTableView.swift in Sources */ = {isa = PBXBuildFile; fileRef = 0A3AA0811D5C01C800F5DF24 /* SettingTableView.swift */; };
		0A3AA0841D5C08EF00F5DF24 /* ChangeBackgroundTableViewCell.swift in Sources */ = {isa = PBXBuildFile; fileRef = 0A3AA0831D5C08EF00F5DF24 /* ChangeBackgroundTableViewCell.swift */; };
		0A3AA0871D5C1EBF00F5DF24 /* OtherInfoTableViewCell.swift in Sources */ = {isa = PBXBuildFile; fileRef = 0A3AA0861D5C1EBF00F5DF24 /* OtherInfoTableViewCell.swift */; };
		0A3AA0891D5C461400F5DF24 /* AddViewController.swift in Sources */ = {isa = PBXBuildFile; fileRef = 0A3AA0881D5C461400F5DF24 /* AddViewController.swift */; };
		0A3AA0921D5C47A300F5DF24 /* CityListTableView.swift in Sources */ = {isa = PBXBuildFile; fileRef = 0A3AA0911D5C47A300F5DF24 /* CityListTableView.swift */; };
		0A3AA0941D5C47AC00F5DF24 /* SearchView.swift in Sources */ = {isa = PBXBuildFile; fileRef = 0A3AA0931D5C47AC00F5DF24 /* SearchView.swift */; };
		0A3AA0971D5C47C400F5DF24 /* LocationTableViewCell.swift in Sources */ = {isa = PBXBuildFile; fileRef = 0A3AA0961D5C47C400F5DF24 /* LocationTableViewCell.swift */; };
		0A3AA0991D5C47CE00F5DF24 /* SearchTableViewCell.swift in Sources */ = {isa = PBXBuildFile; fileRef = 0A3AA0981D5C47CE00F5DF24 /* SearchTableViewCell.swift */; };
		0A3AA09B1D5C48C800F5DF24 /* citydict.plist in Resources */ = {isa = PBXBuildFile; fileRef = 0A3AA09A1D5C48C800F5DF24 /* citydict.plist */; };
		0A4698FC1D5F740900B3E059 /* PeekViewController.swift in Sources */ = {isa = PBXBuildFile; fileRef = 0A4698FB1D5F740900B3E059 /* PeekViewController.swift */; };
		0AB797121D5AFD91007CD372 /* SettingViewController.swift in Sources */ = {isa = PBXBuildFile; fileRef = 0AB797111D5AFD91007CD372 /* SettingViewController.swift */; };
		0AB797151D5AFE9D007CD372 /* FrostedTableViewCell.swift in Sources */ = {isa = PBXBuildFile; fileRef = 0AB797141D5AFE9D007CD372 /* FrostedTableViewCell.swift */; };
		0ADB36441D5D9D9800E56D9F /* DBOperaCityList.swift in Sources */ = {isa = PBXBuildFile; fileRef = 0ADB36431D5D9D9800E56D9F /* DBOperaCityList.swift */; };
		3B63C58C3C5592D12EBF6BC6 /* Pods_EasyWeather.framework in Frameworks */ = {isa = PBXBuildFile; fileRef = BB6970E933E995F6BD17D20F /* Pods_EasyWeather.framework */; };
		9D49BFC01D4ADC6D002E540E /* SlidingView.swift in Sources */ = {isa = PBXBuildFile; fileRef = 9D49BFBF1D4ADC6D002E540E /* SlidingView.swift */; };
		9D9009781D49846E00CAF7CE /* AppDelegate.swift in Sources */ = {isa = PBXBuildFile; fileRef = 9D9009771D49846E00CAF7CE /* AppDelegate.swift */; };
		9D9009801D49846E00CAF7CE /* EasyWeather.xcdatamodeld in Sources */ = {isa = PBXBuildFile; fileRef = 9D90097E1D49846E00CAF7CE /* EasyWeather.xcdatamodeld */; };
		9D9009821D49846E00CAF7CE /* Assets.xcassets in Resources */ = {isa = PBXBuildFile; fileRef = 9D9009811D49846E00CAF7CE /* Assets.xcassets */; };
		9D9009851D49846E00CAF7CE /* LaunchScreen.storyboard in Resources */ = {isa = PBXBuildFile; fileRef = 9D9009831D49846E00CAF7CE /* LaunchScreen.storyboard */; };
		9D9009901D49846E00CAF7CE /* EasyWeatherTests.swift in Sources */ = {isa = PBXBuildFile; fileRef = 9D90098F1D49846E00CAF7CE /* EasyWeatherTests.swift */; };
		9D90099B1D49846E00CAF7CE /* EasyWeatherUITests.swift in Sources */ = {isa = PBXBuildFile; fileRef = 9D90099A1D49846E00CAF7CE /* EasyWeatherUITests.swift */; };
		9D9009AE1D4984F900CAF7CE /* MainViewController.swift in Sources */ = {isa = PBXBuildFile; fileRef = 9D9009AD1D4984F900CAF7CE /* MainViewController.swift */; };
		9D9009B01D4989BD00CAF7CE /* Tools.swift in Sources */ = {isa = PBXBuildFile; fileRef = 9D9009AF1D4989BD00CAF7CE /* Tools.swift */; };
		9D9009B21D498B8000CAF7CE /* Toast.swift in Sources */ = {isa = PBXBuildFile; fileRef = 9D9009B11D498B8000CAF7CE /* Toast.swift */; };
		9D9009B41D498B9900CAF7CE /* Constant.swift in Sources */ = {isa = PBXBuildFile; fileRef = 9D9009B31D498B9900CAF7CE /* Constant.swift */; };
		9D9009B71D498BBA00CAF7CE /* SaveImageToDocment.swift in Sources */ = {isa = PBXBuildFile; fileRef = 9D9009B51D498BBA00CAF7CE /* SaveImageToDocment.swift */; };
		9D9009B81D498BBA00CAF7CE /* SingleManager.swift in Sources */ = {isa = PBXBuildFile; fileRef = 9D9009B61D498BBA00CAF7CE /* SingleManager.swift */; };
		9D9009BA1D498CD500CAF7CE /* BackgroundImageView.swift in Sources */ = {isa = PBXBuildFile; fileRef = 9D9009B91D498CD500CAF7CE /* BackgroundImageView.swift */; };
		9D9009BC1D49938500CAF7CE /* TopView.swift in Sources */ = {isa = PBXBuildFile; fileRef = 9D9009BB1D49938500CAF7CE /* TopView.swift */; };
		9D9009BF1D49970200CAF7CE /* MainTableView.swift in Sources */ = {isa = PBXBuildFile; fileRef = 9D9009BE1D49970200CAF7CE /* MainTableView.swift */; };
		9D9009C21D49996B00CAF7CE /* WeatherInfoTableViewCell.swift in Sources */ = {isa = PBXBuildFile; fileRef = 9D9009C11D49996B00CAF7CE /* WeatherInfoTableViewCell.swift */; };
		9D9009EA1D49BAF900CAF7CE /* OtherWeatherInfoTableViewCell.swift in Sources */ = {isa = PBXBuildFile; fileRef = 9D9009E91D49BAF900CAF7CE /* OtherWeatherInfoTableViewCell.swift */; };
		9D9009EC1D49BE8900CAF7CE /* LastWeatherInfoTableViewCell.swift in Sources */ = {isa = PBXBuildFile; fileRef = 9D9009EB1D49BE8900CAF7CE /* LastWeatherInfoTableViewCell.swift */; };
/* End PBXBuildFile section */

/* Begin PBXContainerItemProxy section */
		9D90098C1D49846E00CAF7CE /* PBXContainerItemProxy */ = {
			isa = PBXContainerItemProxy;
			containerPortal = 9D90096C1D49846E00CAF7CE /* Project object */;
			proxyType = 1;
			remoteGlobalIDString = 9D9009731D49846E00CAF7CE;
			remoteInfo = EasyWeather;
		};
		9D9009971D49846E00CAF7CE /* PBXContainerItemProxy */ = {
			isa = PBXContainerItemProxy;
			containerPortal = 9D90096C1D49846E00CAF7CE /* Project object */;
			proxyType = 1;
			remoteGlobalIDString = 9D9009731D49846E00CAF7CE;
			remoteInfo = EasyWeather;
		};
/* End PBXContainerItemProxy section */

/* Begin PBXFileReference section */
		0A3AA0811D5C01C800F5DF24 /* SettingTableView.swift */ = {isa = PBXFileReference; fileEncoding = 4; lastKnownFileType = sourcecode.swift; path = SettingTableView.swift; sourceTree = "<group>"; };
		0A3AA0831D5C08EF00F5DF24 /* ChangeBackgroundTableViewCell.swift */ = {isa = PBXFileReference; fileEncoding = 4; lastKnownFileType = sourcecode.swift; path = ChangeBackgroundTableViewCell.swift; sourceTree = "<group>"; };
		0A3AA0861D5C1EBF00F5DF24 /* OtherInfoTableViewCell.swift */ = {isa = PBXFileReference; fileEncoding = 4; lastKnownFileType = sourcecode.swift; path = OtherInfoTableViewCell.swift; sourceTree = "<group>"; };
		0A3AA0881D5C461400F5DF24 /* AddViewController.swift */ = {isa = PBXFileReference; fileEncoding = 4; lastKnownFileType = sourcecode.swift; path = AddViewController.swift; sourceTree = "<group>"; };
		0A3AA0911D5C47A300F5DF24 /* CityListTableView.swift */ = {isa = PBXFileReference; fileEncoding = 4; lastKnownFileType = sourcecode.swift; path = CityListTableView.swift; sourceTree = "<group>"; };
		0A3AA0931D5C47AC00F5DF24 /* SearchView.swift */ = {isa = PBXFileReference; fileEncoding = 4; lastKnownFileType = sourcecode.swift; path = SearchView.swift; sourceTree = "<group>"; };
		0A3AA0961D5C47C400F5DF24 /* LocationTableViewCell.swift */ = {isa = PBXFileReference; fileEncoding = 4; lastKnownFileType = sourcecode.swift; path = LocationTableViewCell.swift; sourceTree = "<group>"; };
		0A3AA0981D5C47CE00F5DF24 /* SearchTableViewCell.swift */ = {isa = PBXFileReference; fileEncoding = 4; lastKnownFileType = sourcecode.swift; path = SearchTableViewCell.swift; sourceTree = "<group>"; };
		0A3AA09A1D5C48C800F5DF24 /* citydict.plist */ = {isa = PBXFileReference; fileEncoding = 4; lastKnownFileType = text.plist.xml; path = citydict.plist; sourceTree = "<group>"; };
		0A4698FB1D5F740900B3E059 /* PeekViewController.swift */ = {isa = PBXFileReference; fileEncoding = 4; lastKnownFileType = sourcecode.swift; path = PeekViewController.swift; sourceTree = "<group>"; };
		0AB797111D5AFD91007CD372 /* SettingViewController.swift */ = {isa = PBXFileReference; fileEncoding = 4; lastKnownFileType = sourcecode.swift; path = SettingViewController.swift; sourceTree = "<group>"; };
		0AB797141D5AFE9D007CD372 /* FrostedTableViewCell.swift */ = {isa = PBXFileReference; fileEncoding = 4; lastKnownFileType = sourcecode.swift; path = FrostedTableViewCell.swift; sourceTree = "<group>"; };
		0ADB36431D5D9D9800E56D9F /* DBOperaCityList.swift */ = {isa = PBXFileReference; fileEncoding = 4; lastKnownFileType = sourcecode.swift; path = DBOperaCityList.swift; sourceTree = "<group>"; };
		182A0C677B6063F8825A78FC /* Pods-EasyWeather.debug.xcconfig */ = {isa = PBXFileReference; includeInIndex = 1; lastKnownFileType = text.xcconfig; name = "Pods-EasyWeather.debug.xcconfig"; path = "Pods/Target Support Files/Pods-EasyWeather/Pods-EasyWeather.debug.xcconfig"; sourceTree = "<group>"; };
		228C0991A752F4EB265CD692 /* Pods-EasyWeather.release.xcconfig */ = {isa = PBXFileReference; includeInIndex = 1; lastKnownFileType = text.xcconfig; name = "Pods-EasyWeather.release.xcconfig"; path = "Pods/Target Support Files/Pods-EasyWeather/Pods-EasyWeather.release.xcconfig"; sourceTree = "<group>"; };
		9D49BFBF1D4ADC6D002E540E /* SlidingView.swift */ = {isa = PBXFileReference; fileEncoding = 4; lastKnownFileType = sourcecode.swift; path = SlidingView.swift; sourceTree = "<group>"; };
		9D9009741D49846E00CAF7CE /* EasyWeather.app */ = {isa = PBXFileReference; explicitFileType = wrapper.application; includeInIndex = 0; path = EasyWeather.app; sourceTree = BUILT_PRODUCTS_DIR; };
		9D9009771D49846E00CAF7CE /* AppDelegate.swift */ = {isa = PBXFileReference; lastKnownFileType = sourcecode.swift; path = AppDelegate.swift; sourceTree = "<group>"; };
		9D90097F1D49846E00CAF7CE /* EasyWeather.xcdatamodel */ = {isa = PBXFileReference; lastKnownFileType = wrapper.xcdatamodel; path = EasyWeather.xcdatamodel; sourceTree = "<group>"; };
		9D9009811D49846E00CAF7CE /* Assets.xcassets */ = {isa = PBXFileReference; lastKnownFileType = folder.assetcatalog; path = Assets.xcassets; sourceTree = "<group>"; };
		9D9009841D49846E00CAF7CE /* Base */ = {isa = PBXFileReference; lastKnownFileType = file.storyboard; name = Base; path = Base.lproj/LaunchScreen.storyboard; sourceTree = "<group>"; };
		9D9009861D49846E00CAF7CE /* Info.plist */ = {isa = PBXFileReference; lastKnownFileType = text.plist.xml; path = Info.plist; sourceTree = "<group>"; };
		9D90098B1D49846E00CAF7CE /* EasyWeatherTests.xctest */ = {isa = PBXFileReference; explicitFileType = wrapper.cfbundle; includeInIndex = 0; path = EasyWeatherTests.xctest; sourceTree = BUILT_PRODUCTS_DIR; };
		9D90098F1D49846E00CAF7CE /* EasyWeatherTests.swift */ = {isa = PBXFileReference; lastKnownFileType = sourcecode.swift; path = EasyWeatherTests.swift; sourceTree = "<group>"; };
		9D9009911D49846E00CAF7CE /* Info.plist */ = {isa = PBXFileReference; lastKnownFileType = text.plist.xml; path = Info.plist; sourceTree = "<group>"; };
		9D9009961D49846E00CAF7CE /* EasyWeatherUITests.xctest */ = {isa = PBXFileReference; explicitFileType = wrapper.cfbundle; includeInIndex = 0; path = EasyWeatherUITests.xctest; sourceTree = BUILT_PRODUCTS_DIR; };
		9D90099A1D49846E00CAF7CE /* EasyWeatherUITests.swift */ = {isa = PBXFileReference; lastKnownFileType = sourcecode.swift; path = EasyWeatherUITests.swift; sourceTree = "<group>"; };
		9D90099C1D49846E00CAF7CE /* Info.plist */ = {isa = PBXFileReference; lastKnownFileType = text.plist.xml; path = Info.plist; sourceTree = "<group>"; };
		9D9009AD1D4984F900CAF7CE /* MainViewController.swift */ = {isa = PBXFileReference; fileEncoding = 4; lastKnownFileType = sourcecode.swift; path = MainViewController.swift; sourceTree = "<group>"; };
		9D9009AF1D4989BD00CAF7CE /* Tools.swift */ = {isa = PBXFileReference; fileEncoding = 4; lastKnownFileType = sourcecode.swift; path = Tools.swift; sourceTree = "<group>"; };
		9D9009B11D498B8000CAF7CE /* Toast.swift */ = {isa = PBXFileReference; fileEncoding = 4; lastKnownFileType = sourcecode.swift; path = Toast.swift; sourceTree = "<group>"; };
		9D9009B31D498B9900CAF7CE /* Constant.swift */ = {isa = PBXFileReference; fileEncoding = 4; lastKnownFileType = sourcecode.swift; path = Constant.swift; sourceTree = "<group>"; };
		9D9009B51D498BBA00CAF7CE /* SaveImageToDocment.swift */ = {isa = PBXFileReference; fileEncoding = 4; lastKnownFileType = sourcecode.swift; path = SaveImageToDocment.swift; sourceTree = "<group>"; };
		9D9009B61D498BBA00CAF7CE /* SingleManager.swift */ = {isa = PBXFileReference; fileEncoding = 4; lastKnownFileType = sourcecode.swift; path = SingleManager.swift; sourceTree = "<group>"; };
		9D9009B91D498CD500CAF7CE /* BackgroundImageView.swift */ = {isa = PBXFileReference; fileEncoding = 4; lastKnownFileType = sourcecode.swift; path = BackgroundImageView.swift; sourceTree = "<group>"; };
		9D9009BB1D49938500CAF7CE /* TopView.swift */ = {isa = PBXFileReference; fileEncoding = 4; lastKnownFileType = sourcecode.swift; path = TopView.swift; sourceTree = "<group>"; };
		9D9009BE1D49970200CAF7CE /* MainTableView.swift */ = {isa = PBXFileReference; fileEncoding = 4; lastKnownFileType = sourcecode.swift; path = MainTableView.swift; sourceTree = "<group>"; };
		9D9009C11D49996B00CAF7CE /* WeatherInfoTableViewCell.swift */ = {isa = PBXFileReference; fileEncoding = 4; lastKnownFileType = sourcecode.swift; path = WeatherInfoTableViewCell.swift; sourceTree = "<group>"; };
		9D9009E91D49BAF900CAF7CE /* OtherWeatherInfoTableViewCell.swift */ = {isa = PBXFileReference; fileEncoding = 4; lastKnownFileType = sourcecode.swift; path = OtherWeatherInfoTableViewCell.swift; sourceTree = "<group>"; };
		9D9009EB1D49BE8900CAF7CE /* LastWeatherInfoTableViewCell.swift */ = {isa = PBXFileReference; fileEncoding = 4; lastKnownFileType = sourcecode.swift; path = LastWeatherInfoTableViewCell.swift; sourceTree = "<group>"; };
		BB6970E933E995F6BD17D20F /* Pods_EasyWeather.framework */ = {isa = PBXFileReference; explicitFileType = wrapper.framework; includeInIndex = 0; path = Pods_EasyWeather.framework; sourceTree = BUILT_PRODUCTS_DIR; };
		F4EAF791A411ED261784EB31 /* Pods.framework */ = {isa = PBXFileReference; explicitFileType = wrapper.framework; includeInIndex = 0; path = Pods.framework; sourceTree = BUILT_PRODUCTS_DIR; };
/* End PBXFileReference section */

/* Begin PBXFrameworksBuildPhase section */
		9D9009711D49846E00CAF7CE /* Frameworks */ = {
			isa = PBXFrameworksBuildPhase;
			buildActionMask = 2147483647;
			files = (
				3B63C58C3C5592D12EBF6BC6 /* Pods_EasyWeather.framework in Frameworks */,
			);
			runOnlyForDeploymentPostprocessing = 0;
		};
		9D9009881D49846E00CAF7CE /* Frameworks */ = {
			isa = PBXFrameworksBuildPhase;
			buildActionMask = 2147483647;
			files = (
			);
			runOnlyForDeploymentPostprocessing = 0;
		};
		9D9009931D49846E00CAF7CE /* Frameworks */ = {
			isa = PBXFrameworksBuildPhase;
			buildActionMask = 2147483647;
			files = (
			);
			runOnlyForDeploymentPostprocessing = 0;
		};
/* End PBXFrameworksBuildPhase section */

/* Begin PBXGroup section */
		0A3AA0801D5C019900F5DF24 /* SettingTableViewCell */ = {
			isa = PBXGroup;
			children = (
				0AB797141D5AFE9D007CD372 /* FrostedTableViewCell.swift */,
				0A3AA0831D5C08EF00F5DF24 /* ChangeBackgroundTableViewCell.swift */,
			);
			name = SettingTableViewCell;
			sourceTree = "<group>";
		};
		0A3AA0851D5C161200F5DF24 /* SlidingView */ = {
			isa = PBXGroup;
			children = (
				9D49BFBF1D4ADC6D002E540E /* SlidingView.swift */,
			);
			name = SlidingView;
			sourceTree = "<group>";
		};
		0A3AA0901D5C479200F5DF24 /* addView */ = {
			isa = PBXGroup;
			children = (
				0A3AA0911D5C47A300F5DF24 /* CityListTableView.swift */,
				0A3AA0931D5C47AC00F5DF24 /* SearchView.swift */,
				0A3AA0951D5C47B300F5DF24 /* Cell */,
			);
			name = addView;
			sourceTree = "<group>";
		};
		0A3AA0951D5C47B300F5DF24 /* Cell */ = {
			isa = PBXGroup;
			children = (
				0A3AA0961D5C47C400F5DF24 /* LocationTableViewCell.swift */,
				0A3AA0981D5C47CE00F5DF24 /* SearchTableViewCell.swift */,
			);
			name = Cell;
			sourceTree = "<group>";
		};
		0AB797131D5AFE24007CD372 /* SettingView */ = {
			isa = PBXGroup;
			children = (
				0A3AA0811D5C01C800F5DF24 /* SettingTableView.swift */,
				0A3AA0801D5C019900F5DF24 /* SettingTableViewCell */,
			);
			name = SettingView;
			sourceTree = "<group>";
		};
		5F1F9338128BE5829774E65A /* Pods */ = {
			isa = PBXGroup;
			children = (
				182A0C677B6063F8825A78FC /* Pods-EasyWeather.debug.xcconfig */,
				228C0991A752F4EB265CD692 /* Pods-EasyWeather.release.xcconfig */,
			);
			name = Pods;
			sourceTree = "<group>";
		};
		9D90096B1D49846E00CAF7CE = {
			isa = PBXGroup;
			children = (
				9D9009761D49846E00CAF7CE /* EasyWeather */,
				9D90098E1D49846E00CAF7CE /* EasyWeatherTests */,
				9D9009991D49846E00CAF7CE /* EasyWeatherUITests */,
				9D9009751D49846E00CAF7CE /* Products */,
				D0309D1F4C1D763B0732EFF5 /* Frameworks */,
				5F1F9338128BE5829774E65A /* Pods */,
			);
			sourceTree = "<group>";
		};
		9D9009751D49846E00CAF7CE /* Products */ = {
			isa = PBXGroup;
			children = (
				9D9009741D49846E00CAF7CE /* EasyWeather.app */,
				9D90098B1D49846E00CAF7CE /* EasyWeatherTests.xctest */,
				9D9009961D49846E00CAF7CE /* EasyWeatherUITests.xctest */,
			);
			name = Products;
			sourceTree = "<group>";
		};
		9D9009761D49846E00CAF7CE /* EasyWeather */ = {
			isa = PBXGroup;
			children = (
				9D9009AB1D4984A000CAF7CE /* Other */,
				9D9009AC1D4984A500CAF7CE /* Tools */,
				9D9009AA1D49849900CAF7CE /* Controller */,
				9D9009A91D49849400CAF7CE /* View */,
				9D9009A81D49848D00CAF7CE /* Model */,
			);
			path = EasyWeather;
			sourceTree = "<group>";
		};
		9D90098E1D49846E00CAF7CE /* EasyWeatherTests */ = {
			isa = PBXGroup;
			children = (
				9D90098F1D49846E00CAF7CE /* EasyWeatherTests.swift */,
				9D9009911D49846E00CAF7CE /* Info.plist */,
			);
			path = EasyWeatherTests;
			sourceTree = "<group>";
		};
		9D9009991D49846E00CAF7CE /* EasyWeatherUITests */ = {
			isa = PBXGroup;
			children = (
				9D90099A1D49846E00CAF7CE /* EasyWeatherUITests.swift */,
				9D90099C1D49846E00CAF7CE /* Info.plist */,
			);
			path = EasyWeatherUITests;
			sourceTree = "<group>";
		};
		9D9009A81D49848D00CAF7CE /* Model */ = {
			isa = PBXGroup;
			children = (
			);
			name = Model;
			sourceTree = "<group>";
		};
		9D9009A91D49849400CAF7CE /* View */ = {
			isa = PBXGroup;
			children = (
				9D9009B91D498CD500CAF7CE /* BackgroundImageView.swift */,
				9D9009BB1D49938500CAF7CE /* TopView.swift */,
				0A3AA0901D5C479200F5DF24 /* addView */,
				0A3AA0851D5C161200F5DF24 /* SlidingView */,
				0AB797131D5AFE24007CD372 /* SettingView */,
				9D9009BD1D4996B600CAF7CE /* MainTableView */,
			);
			name = View;
			sourceTree = "<group>";
		};
		9D9009AA1D49849900CAF7CE /* Controller */ = {
			isa = PBXGroup;
			children = (
				9D9009AD1D4984F900CAF7CE /* MainViewController.swift */,
				0AB797111D5AFD91007CD372 /* SettingViewController.swift */,
				0A3AA0881D5C461400F5DF24 /* AddViewController.swift */,
				0A4698FB1D5F740900B3E059 /* PeekViewController.swift */,
			);
			name = Controller;
			sourceTree = "<group>";
		};
		9D9009AB1D4984A000CAF7CE /* Other */ = {
			isa = PBXGroup;
			children = (
				0A3AA09A1D5C48C800F5DF24 /* citydict.plist */,
				9D9009771D49846E00CAF7CE /* AppDelegate.swift */,
				9D9009811D49846E00CAF7CE /* Assets.xcassets */,
				9D9009831D49846E00CAF7CE /* LaunchScreen.storyboard */,
				9D9009861D49846E00CAF7CE /* Info.plist */,
				9D90097E1D49846E00CAF7CE /* EasyWeather.xcdatamodeld */,
			);
			name = Other;
			sourceTree = "<group>";
		};
		9D9009AC1D4984A500CAF7CE /* Tools */ = {
			isa = PBXGroup;
			children = (
				9D9009B31D498B9900CAF7CE /* Constant.swift */,
				9D9009AF1D4989BD00CAF7CE /* Tools.swift */,
				9D9009B11D498B8000CAF7CE /* Toast.swift */,
				9D9009B51D498BBA00CAF7CE /* SaveImageToDocment.swift */,
				9D9009B61D498BBA00CAF7CE /* SingleManager.swift */,
				0ADB36431D5D9D9800E56D9F /* DBOperaCityList.swift */,
			);
			name = Tools;
			sourceTree = "<group>";
		};
		9D9009BD1D4996B600CAF7CE /* MainTableView */ = {
			isa = PBXGroup;
			children = (
				9D9009BE1D49970200CAF7CE /* MainTableView.swift */,
				9D9009C01D49986500CAF7CE /* MainCell */,
			);
			name = MainTableView;
			sourceTree = "<group>";
		};
		9D9009C01D49986500CAF7CE /* MainCell */ = {
			isa = PBXGroup;
			children = (
				9D9009C11D49996B00CAF7CE /* WeatherInfoTableViewCell.swift */,
				9D9009E91D49BAF900CAF7CE /* OtherWeatherInfoTableViewCell.swift */,
				9D9009EB1D49BE8900CAF7CE /* LastWeatherInfoTableViewCell.swift */,
				0A3AA0861D5C1EBF00F5DF24 /* OtherInfoTableViewCell.swift */,
			);
			name = MainCell;
			sourceTree = "<group>";
		};
		D0309D1F4C1D763B0732EFF5 /* Frameworks */ = {
			isa = PBXGroup;
			children = (
				F4EAF791A411ED261784EB31 /* Pods.framework */,
				BB6970E933E995F6BD17D20F /* Pods_EasyWeather.framework */,
			);
			name = Frameworks;
			sourceTree = "<group>";
		};
/* End PBXGroup section */

/* Begin PBXNativeTarget section */
		9D9009731D49846E00CAF7CE /* EasyWeather */ = {
			isa = PBXNativeTarget;
			buildConfigurationList = 9D90099F1D49846E00CAF7CE /* Build configuration list for PBXNativeTarget "EasyWeather" */;
			buildPhases = (
				F32554B19E0F9AD2916D1E66 /* [CP] Check Pods Manifest.lock */,
				9D9009701D49846E00CAF7CE /* Sources */,
				9D9009711D49846E00CAF7CE /* Frameworks */,
				9D9009721D49846E00CAF7CE /* Resources */,
				EC2AF03D3A4A886CDB91F6D9 /* [CP] Embed Pods Frameworks */,
				FEFCAC3C314DD16D8A2895E4 /* [CP] Copy Pods Resources */,
			);
			buildRules = (
			);
			dependencies = (
			);
			name = EasyWeather;
			productName = EasyWeather;
			productReference = 9D9009741D49846E00CAF7CE /* EasyWeather.app */;
			productType = "com.apple.product-type.application";
		};
		9D90098A1D49846E00CAF7CE /* EasyWeatherTests */ = {
			isa = PBXNativeTarget;
			buildConfigurationList = 9D9009A21D49846E00CAF7CE /* Build configuration list for PBXNativeTarget "EasyWeatherTests" */;
			buildPhases = (
				9D9009871D49846E00CAF7CE /* Sources */,
				9D9009881D49846E00CAF7CE /* Frameworks */,
				9D9009891D49846E00CAF7CE /* Resources */,
			);
			buildRules = (
			);
			dependencies = (
				9D90098D1D49846E00CAF7CE /* PBXTargetDependency */,
			);
			name = EasyWeatherTests;
			productName = EasyWeatherTests;
			productReference = 9D90098B1D49846E00CAF7CE /* EasyWeatherTests.xctest */;
			productType = "com.apple.product-type.bundle.unit-test";
		};
		9D9009951D49846E00CAF7CE /* EasyWeatherUITests */ = {
			isa = PBXNativeTarget;
			buildConfigurationList = 9D9009A51D49846E00CAF7CE /* Build configuration list for PBXNativeTarget "EasyWeatherUITests" */;
			buildPhases = (
				9D9009921D49846E00CAF7CE /* Sources */,
				9D9009931D49846E00CAF7CE /* Frameworks */,
				9D9009941D49846E00CAF7CE /* Resources */,
			);
			buildRules = (
			);
			dependencies = (
				9D9009981D49846E00CAF7CE /* PBXTargetDependency */,
			);
			name = EasyWeatherUITests;
			productName = EasyWeatherUITests;
			productReference = 9D9009961D49846E00CAF7CE /* EasyWeatherUITests.xctest */;
			productType = "com.apple.product-type.bundle.ui-testing";
		};
/* End PBXNativeTarget section */

/* Begin PBXProject section */
		9D90096C1D49846E00CAF7CE /* Project object */ = {
			isa = PBXProject;
			attributes = {
				LastSwiftUpdateCheck = 0730;
				LastUpgradeCheck = 0730;
				ORGANIZATIONNAME = hurricane;
				TargetAttributes = {
					9D9009731D49846E00CAF7CE = {
						CreatedOnToolsVersion = 7.3.1;
						DevelopmentTeam = L9N5AGWHDF;
					};
					9D90098A1D49846E00CAF7CE = {
						CreatedOnToolsVersion = 7.3.1;
						TestTargetID = 9D9009731D49846E00CAF7CE;
					};
					9D9009951D49846E00CAF7CE = {
						CreatedOnToolsVersion = 7.3.1;
						TestTargetID = 9D9009731D49846E00CAF7CE;
					};
				};
			};
			buildConfigurationList = 9D90096F1D49846E00CAF7CE /* Build configuration list for PBXProject "EasyWeather" */;
			compatibilityVersion = "Xcode 3.2";
			developmentRegion = English;
			hasScannedForEncodings = 0;
			knownRegions = (
				en,
				Base,
			);
			mainGroup = 9D90096B1D49846E00CAF7CE;
			productRefGroup = 9D9009751D49846E00CAF7CE /* Products */;
			projectDirPath = "";
			projectRoot = "";
			targets = (
				9D9009731D49846E00CAF7CE /* EasyWeather */,
				9D90098A1D49846E00CAF7CE /* EasyWeatherTests */,
				9D9009951D49846E00CAF7CE /* EasyWeatherUITests */,
			);
		};
/* End PBXProject section */

/* Begin PBXResourcesBuildPhase section */
		9D9009721D49846E00CAF7CE /* Resources */ = {
			isa = PBXResourcesBuildPhase;
			buildActionMask = 2147483647;
			files = (
				9D9009851D49846E00CAF7CE /* LaunchScreen.storyboard in Resources */,
				0A3AA09B1D5C48C800F5DF24 /* citydict.plist in Resources */,
				9D9009821D49846E00CAF7CE /* Assets.xcassets in Resources */,
			);
			runOnlyForDeploymentPostprocessing = 0;
		};
		9D9009891D49846E00CAF7CE /* Resources */ = {
			isa = PBXResourcesBuildPhase;
			buildActionMask = 2147483647;
			files = (
			);
			runOnlyForDeploymentPostprocessing = 0;
		};
		9D9009941D49846E00CAF7CE /* Resources */ = {
			isa = PBXResourcesBuildPhase;
			buildActionMask = 2147483647;
			files = (
			);
			runOnlyForDeploymentPostprocessing = 0;
		};
/* End PBXResourcesBuildPhase section */

/* Begin PBXShellScriptBuildPhase section */
		EC2AF03D3A4A886CDB91F6D9 /* [CP] Embed Pods Frameworks */ = {
			isa = PBXShellScriptBuildPhase;
			buildActionMask = 2147483647;
			files = (
			);
			inputPaths = (
			);
			name = "[CP] Embed Pods Frameworks";
			outputPaths = (
			);
			runOnlyForDeploymentPostprocessing = 0;
			shellPath = /bin/sh;
			shellScript = "\"${SRCROOT}/Pods/Target Support Files/Pods-EasyWeather/Pods-EasyWeather-frameworks.sh\"\n";
			showEnvVarsInLog = 0;
		};
		F32554B19E0F9AD2916D1E66 /* [CP] Check Pods Manifest.lock */ = {
			isa = PBXShellScriptBuildPhase;
			buildActionMask = 2147483647;
			files = (
			);
			inputPaths = (
			);
			name = "[CP] Check Pods Manifest.lock";
			outputPaths = (
			);
			runOnlyForDeploymentPostprocessing = 0;
			shellPath = /bin/sh;
			shellScript = "diff \"${PODS_ROOT}/../Podfile.lock\" \"${PODS_ROOT}/Manifest.lock\" > /dev/null\nif [ $? != 0 ] ; then\n    # print error to STDERR\n    echo \"error: The sandbox is not in sync with the Podfile.lock. Run 'pod install' or update your CocoaPods installation.\" >&2\n    exit 1\nfi\n";
			showEnvVarsInLog = 0;
		};
		FEFCAC3C314DD16D8A2895E4 /* [CP] Copy Pods Resources */ = {
			isa = PBXShellScriptBuildPhase;
			buildActionMask = 2147483647;
			files = (
			);
			inputPaths = (
			);
			name = "[CP] Copy Pods Resources";
			outputPaths = (
			);
			runOnlyForDeploymentPostprocessing = 0;
			shellPath = /bin/sh;
			shellScript = "\"${SRCROOT}/Pods/Target Support Files/Pods-EasyWeather/Pods-EasyWeather-resources.sh\"\n";
			showEnvVarsInLog = 0;
		};
/* End PBXShellScriptBuildPhase section */

/* Begin PBXSourcesBuildPhase section */
		9D9009701D49846E00CAF7CE /* Sources */ = {
			isa = PBXSourcesBuildPhase;
			buildActionMask = 2147483647;
			files = (
				9D9009AE1D4984F900CAF7CE /* MainViewController.swift in Sources */,
				9D9009801D49846E00CAF7CE /* EasyWeather.xcdatamodeld in Sources */,
				9D9009B21D498B8000CAF7CE /* Toast.swift in Sources */,
				0AB797121D5AFD91007CD372 /* SettingViewController.swift in Sources */,
				0A3AA0871D5C1EBF00F5DF24 /* OtherInfoTableViewCell.swift in Sources */,
				9D9009BA1D498CD500CAF7CE /* BackgroundImageView.swift in Sources */,
				9D9009B81D498BBA00CAF7CE /* SingleManager.swift in Sources */,
				0A3AA0821D5C01C800F5DF24 /* SettingTableView.swift in Sources */,
				0ADB36441D5D9D9800E56D9F /* DBOperaCityList.swift in Sources */,
				0A3AA0891D5C461400F5DF24 /* AddViewController.swift in Sources */,
				0AB797151D5AFE9D007CD372 /* FrostedTableViewCell.swift in Sources */,
				9D9009EA1D49BAF900CAF7CE /* OtherWeatherInfoTableViewCell.swift in Sources */,
				9D9009781D49846E00CAF7CE /* AppDelegate.swift in Sources */,
				0A3AA0921D5C47A300F5DF24 /* CityListTableView.swift in Sources */,
				0A3AA0941D5C47AC00F5DF24 /* SearchView.swift in Sources */,
				9D9009BC1D49938500CAF7CE /* TopView.swift in Sources */,
				9D9009B71D498BBA00CAF7CE /* SaveImageToDocment.swift in Sources */,
				9D49BFC01D4ADC6D002E540E /* SlidingView.swift in Sources */,
				0A4698FC1D5F740900B3E059 /* PeekViewController.swift in Sources */,
				9D9009C21D49996B00CAF7CE /* WeatherInfoTableViewCell.swift in Sources */,
				0A3AA0971D5C47C400F5DF24 /* LocationTableViewCell.swift in Sources */,
				0A3AA0991D5C47CE00F5DF24 /* SearchTableViewCell.swift in Sources */,
				0A3AA0841D5C08EF00F5DF24 /* ChangeBackgroundTableViewCell.swift in Sources */,
				9D9009B01D4989BD00CAF7CE /* Tools.swift in Sources */,
				9D9009B41D498B9900CAF7CE /* Constant.swift in Sources */,
				9D9009EC1D49BE8900CAF7CE /* LastWeatherInfoTableViewCell.swift in Sources */,
				9D9009BF1D49970200CAF7CE /* MainTableView.swift in Sources */,
			);
			runOnlyForDeploymentPostprocessing = 0;
		};
		9D9009871D49846E00CAF7CE /* Sources */ = {
			isa = PBXSourcesBuildPhase;
			buildActionMask = 2147483647;
			files = (
				9D9009901D49846E00CAF7CE /* EasyWeatherTests.swift in Sources */,
			);
			runOnlyForDeploymentPostprocessing = 0;
		};
		9D9009921D49846E00CAF7CE /* Sources */ = {
			isa = PBXSourcesBuildPhase;
			buildActionMask = 2147483647;
			files = (
				9D90099B1D49846E00CAF7CE /* EasyWeatherUITests.swift in Sources */,
			);
			runOnlyForDeploymentPostprocessing = 0;
		};
/* End PBXSourcesBuildPhase section */

/* Begin PBXTargetDependency section */
		9D90098D1D49846E00CAF7CE /* PBXTargetDependency */ = {
			isa = PBXTargetDependency;
			target = 9D9009731D49846E00CAF7CE /* EasyWeather */;
			targetProxy = 9D90098C1D49846E00CAF7CE /* PBXContainerItemProxy */;
		};
		9D9009981D49846E00CAF7CE /* PBXTargetDependency */ = {
			isa = PBXTargetDependency;
			target = 9D9009731D49846E00CAF7CE /* EasyWeather */;
			targetProxy = 9D9009971D49846E00CAF7CE /* PBXContainerItemProxy */;
		};
/* End PBXTargetDependency section */

/* Begin PBXVariantGroup section */
		9D9009831D49846E00CAF7CE /* LaunchScreen.storyboard */ = {
			isa = PBXVariantGroup;
			children = (
				9D9009841D49846E00CAF7CE /* Base */,
			);
			name = LaunchScreen.storyboard;
			sourceTree = "<group>";
		};
/* End PBXVariantGroup section */

/* Begin XCBuildConfiguration section */
		9D90099D1D49846E00CAF7CE /* Debug */ = {
			isa = XCBuildConfiguration;
			buildSettings = {
				ALWAYS_SEARCH_USER_PATHS = NO;
				CLANG_ANALYZER_NONNULL = YES;
				CLANG_CXX_LANGUAGE_STANDARD = "gnu++0x";
				CLANG_CXX_LIBRARY = "libc++";
				CLANG_ENABLE_MODULES = YES;
				CLANG_ENABLE_OBJC_ARC = YES;
				CLANG_WARN_BOOL_CONVERSION = YES;
				CLANG_WARN_CONSTANT_CONVERSION = YES;
				CLANG_WARN_DIRECT_OBJC_ISA_USAGE = YES_ERROR;
				CLANG_WARN_EMPTY_BODY = YES;
				CLANG_WARN_ENUM_CONVERSION = YES;
				CLANG_WARN_INT_CONVERSION = YES;
				CLANG_WARN_OBJC_ROOT_CLASS = YES_ERROR;
				CLANG_WARN_UNREACHABLE_CODE = YES;
				CLANG_WARN__DUPLICATE_METHOD_MATCH = YES;
				"CODE_SIGN_IDENTITY[sdk=iphoneos*]" = "iPhone Developer";
				COPY_PHASE_STRIP = NO;
				DEBUG_INFORMATION_FORMAT = dwarf;
				ENABLE_STRICT_OBJC_MSGSEND = YES;
				ENABLE_TESTABILITY = YES;
				GCC_C_LANGUAGE_STANDARD = gnu99;
				GCC_DYNAMIC_NO_PIC = NO;
				GCC_NO_COMMON_BLOCKS = YES;
				GCC_OPTIMIZATION_LEVEL = 0;
				GCC_PREPROCESSOR_DEFINITIONS = (
					"DEBUG=1",
					"$(inherited)",
				);
				GCC_WARN_64_TO_32_BIT_CONVERSION = YES;
				GCC_WARN_ABOUT_RETURN_TYPE = YES_ERROR;
				GCC_WARN_UNDECLARED_SELECTOR = YES;
				GCC_WARN_UNINITIALIZED_AUTOS = YES_AGGRESSIVE;
				GCC_WARN_UNUSED_FUNCTION = YES;
				GCC_WARN_UNUSED_VARIABLE = YES;
				IPHONEOS_DEPLOYMENT_TARGET = 9.3;
				MTL_ENABLE_DEBUG_INFO = YES;
				ONLY_ACTIVE_ARCH = YES;
				SDKROOT = iphoneos;
				SWIFT_OPTIMIZATION_LEVEL = "-Onone";
			};
			name = Debug;
		};
		9D90099E1D49846E00CAF7CE /* Release */ = {
			isa = XCBuildConfiguration;
			buildSettings = {
				ALWAYS_SEARCH_USER_PATHS = NO;
				CLANG_ANALYZER_NONNULL = YES;
				CLANG_CXX_LANGUAGE_STANDARD = "gnu++0x";
				CLANG_CXX_LIBRARY = "libc++";
				CLANG_ENABLE_MODULES = YES;
				CLANG_ENABLE_OBJC_ARC = YES;
				CLANG_WARN_BOOL_CONVERSION = YES;
				CLANG_WARN_CONSTANT_CONVERSION = YES;
				CLANG_WARN_DIRECT_OBJC_ISA_USAGE = YES_ERROR;
				CLANG_WARN_EMPTY_BODY = YES;
				CLANG_WARN_ENUM_CONVERSION = YES;
				CLANG_WARN_INT_CONVERSION = YES;
				CLANG_WARN_OBJC_ROOT_CLASS = YES_ERROR;
				CLANG_WARN_UNREACHABLE_CODE = YES;
				CLANG_WARN__DUPLICATE_METHOD_MATCH = YES;
				"CODE_SIGN_IDENTITY[sdk=iphoneos*]" = "iPhone Developer";
				COPY_PHASE_STRIP = NO;
				DEBUG_INFORMATION_FORMAT = "dwarf-with-dsym";
				ENABLE_NS_ASSERTIONS = NO;
				ENABLE_STRICT_OBJC_MSGSEND = YES;
				GCC_C_LANGUAGE_STANDARD = gnu99;
				GCC_NO_COMMON_BLOCKS = YES;
				GCC_WARN_64_TO_32_BIT_CONVERSION = YES;
				GCC_WARN_ABOUT_RETURN_TYPE = YES_ERROR;
				GCC_WARN_UNDECLARED_SELECTOR = YES;
				GCC_WARN_UNINITIALIZED_AUTOS = YES_AGGRESSIVE;
				GCC_WARN_UNUSED_FUNCTION = YES;
				GCC_WARN_UNUSED_VARIABLE = YES;
				IPHONEOS_DEPLOYMENT_TARGET = 9.3;
				MTL_ENABLE_DEBUG_INFO = NO;
				SDKROOT = iphoneos;
				VALIDATE_PRODUCT = YES;
			};
			name = Release;
		};
		9D9009A01D49846E00CAF7CE /* Debug */ = {
			isa = XCBuildConfiguration;
			baseConfigurationReference = 182A0C677B6063F8825A78FC /* Pods-EasyWeather.debug.xcconfig */;
			buildSettings = {
				ASSETCATALOG_COMPILER_APPICON_NAME = AppIcon;
				CODE_SIGN_IDENTITY = "iPhone Developer";
				INFOPLIST_FILE = EasyWeather/Info.plist;
				IPHONEOS_DEPLOYMENT_TARGET = 9.0;
				LD_RUNPATH_SEARCH_PATHS = "$(inherited) @executable_path/Frameworks";
				PRODUCT_BUNDLE_IDENTIFIER = com.hurricane.EasyWeather;
				PRODUCT_NAME = "$(TARGET_NAME)";
			};
			name = Debug;
		};
		9D9009A11D49846E00CAF7CE /* Release */ = {
			isa = XCBuildConfiguration;
			baseConfigurationReference = 228C0991A752F4EB265CD692 /* Pods-EasyWeather.release.xcconfig */;
			buildSettings = {
				ASSETCATALOG_COMPILER_APPICON_NAME = AppIcon;
				CODE_SIGN_IDENTITY = "iPhone Developer";
				INFOPLIST_FILE = EasyWeather/Info.plist;
				IPHONEOS_DEPLOYMENT_TARGET = 9.0;
				LD_RUNPATH_SEARCH_PATHS = "$(inherited) @executable_path/Frameworks";
				PRODUCT_BUNDLE_IDENTIFIER = com.hurricane.EasyWeather;
				PRODUCT_NAME = "$(TARGET_NAME)";
			};
			name = Release;
		};
		9D9009A31D49846E00CAF7CE /* Debug */ = {
			isa = XCBuildConfiguration;
			buildSettings = {
				BUNDLE_LOADER = "$(TEST_HOST)";
				INFOPLIST_FILE = EasyWeatherTests/Info.plist;
				LD_RUNPATH_SEARCH_PATHS = "$(inherited) @executable_path/Frameworks @loader_path/Frameworks";
				PRODUCT_BUNDLE_IDENTIFIER = com.hurricane.EasyWeatherTests;
				PRODUCT_NAME = "$(TARGET_NAME)";
				TEST_HOST = "$(BUILT_PRODUCTS_DIR)/EasyWeather.app/EasyWeather";
			};
			name = Debug;
		};
		9D9009A41D49846E00CAF7CE /* Release */ = {
			isa = XCBuildConfiguration;
			buildSettings = {
				BUNDLE_LOADER = "$(TEST_HOST)";
				INFOPLIST_FILE = EasyWeatherTests/Info.plist;
				LD_RUNPATH_SEARCH_PATHS = "$(inherited) @executable_path/Frameworks @loader_path/Frameworks";
				PRODUCT_BUNDLE_IDENTIFIER = com.hurricane.EasyWeatherTests;
				PRODUCT_NAME = "$(TARGET_NAME)";
				TEST_HOST = "$(BUILT_PRODUCTS_DIR)/EasyWeather.app/EasyWeather";
			};
			name = Release;
		};
		9D9009A61D49846E00CAF7CE /* Debug */ = {
			isa = XCBuildConfiguration;
			buildSettings = {
				INFOPLIST_FILE = EasyWeatherUITests/Info.plist;
				LD_RUNPATH_SEARCH_PATHS = "$(inherited) @executable_path/Frameworks @loader_path/Frameworks";
				PRODUCT_BUNDLE_IDENTIFIER = com.hurricane.EasyWeatherUITests;
				PRODUCT_NAME = "$(TARGET_NAME)";
				TEST_TARGET_NAME = EasyWeather;
			};
			name = Debug;
		};
		9D9009A71D49846E00CAF7CE /* Release */ = {
			isa = XCBuildConfiguration;
			buildSettings = {
				INFOPLIST_FILE = EasyWeatherUITests/Info.plist;
				LD_RUNPATH_SEARCH_PATHS = "$(inherited) @executable_path/Frameworks @loader_path/Frameworks";
				PRODUCT_BUNDLE_IDENTIFIER = com.hurricane.EasyWeatherUITests;
				PRODUCT_NAME = "$(TARGET_NAME)";
				TEST_TARGET_NAME = EasyWeather;
			};
			name = Release;
		};
/* End XCBuildConfiguration section */

/* Begin XCConfigurationList section */
		9D90096F1D49846E00CAF7CE /* Build configuration list for PBXProject "EasyWeather" */ = {
			isa = XCConfigurationList;
			buildConfigurations = (
				9D90099D1D49846E00CAF7CE /* Debug */,
				9D90099E1D49846E00CAF7CE /* Release */,
			);
			defaultConfigurationIsVisible = 0;
			defaultConfigurationName = Release;
		};
		9D90099F1D49846E00CAF7CE /* Build configuration list for PBXNativeTarget "EasyWeather" */ = {
			isa = XCConfigurationList;
			buildConfigurations = (
				9D9009A01D49846E00CAF7CE /* Debug */,
				9D9009A11D49846E00CAF7CE /* Release */,
			);
			defaultConfigurationIsVisible = 0;
			defaultConfigurationName = Release;
		};
		9D9009A21D49846E00CAF7CE /* Build configuration list for PBXNativeTarget "EasyWeatherTests" */ = {
			isa = XCConfigurationList;
			buildConfigurations = (
				9D9009A31D49846E00CAF7CE /* Debug */,
				9D9009A41D49846E00CAF7CE /* Release */,
			);
			defaultConfigurationIsVisible = 0;
			defaultConfigurationName = Release;
		};
		9D9009A51D49846E00CAF7CE /* Build configuration list for PBXNativeTarget "EasyWeatherUITests" */ = {
			isa = XCConfigurationList;
			buildConfigurations = (
				9D9009A61D49846E00CAF7CE /* Debug */,
				9D9009A71D49846E00CAF7CE /* Release */,
			);
			defaultConfigurationIsVisible = 0;
			defaultConfigurationName = Release;
		};
/* End XCConfigurationList section */

/* Begin XCVersionGroup section */
		9D90097E1D49846E00CAF7CE /* EasyWeather.xcdatamodeld */ = {
			isa = XCVersionGroup;
			children = (
				9D90097F1D49846E00CAF7CE /* EasyWeather.xcdatamodel */,
			);
			currentVersion = 9D90097F1D49846E00CAF7CE /* EasyWeather.xcdatamodel */;
			path = EasyWeather.xcdatamodeld;
			sourceTree = "<group>";
			versionGroupType = wrapper.xcdatamodel;
		};
/* End XCVersionGroup section */
	};
	rootObject = 9D90096C1D49846E00CAF7CE /* Project object */;
}
